// !$*UTF8*$!
{
	archiveVersion = 1;
	classes = {
	};
	objectVersion = 53;
	objects = {

/* Begin PBXBuildFile section */
		90208F712584D6F900F01CA3 /* ViewController.swift in Sources */ = {isa = PBXBuildFile; fileRef = 90208F692584D6F900F01CA3 /* ViewController.swift */; };
		90208F722584D6F900F01CA3 /* CollectionCell.swift in Sources */ = {isa = PBXBuildFile; fileRef = 90208F6B2584D6F900F01CA3 /* CollectionCell.swift */; };
		90208F732584D6F900F01CA3 /* CollectionViewController.swift in Sources */ = {isa = PBXBuildFile; fileRef = 90208F6C2584D6F900F01CA3 /* CollectionViewController.swift */; };
		90208F742584D6F900F01CA3 /* WebViewController.swift in Sources */ = {isa = PBXBuildFile; fileRef = 90208F6E2584D6F900F01CA3 /* WebViewController.swift */; };
		90208F752584D6F900F01CA3 /* RootViewController.swift in Sources */ = {isa = PBXBuildFile; fileRef = 90208F702584D6F900F01CA3 /* RootViewController.swift */; };
		90208F792584D70000F01CA3 /* Extension.swift in Sources */ = {isa = PBXBuildFile; fileRef = 90208F782584D70000F01CA3 /* Extension.swift */; };
		90208F7C2584D71000F01CA3 /* TableView.storyboard in Resources */ = {isa = PBXBuildFile; fileRef = 90208F7B2584D71000F01CA3 /* TableView.storyboard */; };
		90208F7F2584D71E00F01CA3 /* CollectionView.storyboard in Resources */ = {isa = PBXBuildFile; fileRef = 90208F7E2584D71E00F01CA3 /* CollectionView.storyboard */; };
		90208F822584D72600F01CA3 /* WebView.storyboard in Resources */ = {isa = PBXBuildFile; fileRef = 90208F812584D72600F01CA3 /* WebView.storyboard */; };
		90208F852584D72E00F01CA3 /* Root.storyboard in Resources */ = {isa = PBXBuildFile; fileRef = 90208F842584D72E00F01CA3 /* Root.storyboard */; };
		90208F892584D83800F01CA3 /* SceneDelegate.swift in Sources */ = {isa = PBXBuildFile; fileRef = 90208F882584D83800F01CA3 /* SceneDelegate.swift */; };
		9077745125A0BFCE0034692A /* LongHeaderViewController.swift in Sources */ = {isa = PBXBuildFile; fileRef = 9077744F25A0BFCE0034692A /* LongHeaderViewController.swift */; };
		9077745225A0BFCE0034692A /* LongHeader.storyboard in Resources */ = {isa = PBXBuildFile; fileRef = 9077745025A0BFCE0034692A /* LongHeader.storyboard */; };
		907E60C92A9774C9001F6A11 /* ClimbBarObservable.swift in Sources */ = {isa = PBXBuildFile; fileRef = 907E60C22A9774C9001F6A11 /* ClimbBarObservable.swift */; };
		907E60CA2A9774C9001F6A11 /* ClimbBar.swift in Sources */ = {isa = PBXBuildFile; fileRef = 907E60C32A9774C9001F6A11 /* ClimbBar.swift */; };
		907E60CB2A9774C9001F6A11 /* ClimbBar.State+.swift in Sources */ = {isa = PBXBuildFile; fileRef = 907E60C42A9774C9001F6A11 /* ClimbBar.State+.swift */; };
		907E60CC2A9774C9001F6A11 /* ClimbBar.h in Headers */ = {isa = PBXBuildFile; fileRef = 907E60C52A9774C9001F6A11 /* ClimbBar.h */; };
		907E60CD2A9774C9001F6A11 /* ClimbState.swift in Sources */ = {isa = PBXBuildFile; fileRef = 907E60C62A9774C9001F6A11 /* ClimbState.swift */; };
		907E60CF2A9774C9001F6A11 /* Configuration.swift in Sources */ = {isa = PBXBuildFile; fileRef = 907E60C82A9774C9001F6A11 /* Configuration.swift */; };
		C74EF9A32294ED0400706FDA /* WebKit.framework in Frameworks */ = {isa = PBXBuildFile; fileRef = C74EF9A22294ED0400706FDA /* WebKit.framework */; };
		C79EBF9F2282A60100B2E0CB /* AppDelegate.swift in Sources */ = {isa = PBXBuildFile; fileRef = C79EBF9E2282A60100B2E0CB /* AppDelegate.swift */; };
		C79EBFA62282A60200B2E0CB /* Assets.xcassets in Resources */ = {isa = PBXBuildFile; fileRef = C79EBFA52282A60200B2E0CB /* Assets.xcassets */; };
		C79EBFA92282A60200B2E0CB /* LaunchScreen.storyboard in Resources */ = {isa = PBXBuildFile; fileRef = C79EBFA72282A60200B2E0CB /* LaunchScreen.storyboard */; };
		C79EBFBC2282A63700B2E0CB /* ClimbBar.framework in Frameworks */ = {isa = PBXBuildFile; fileRef = C79EBFB52282A63700B2E0CB /* ClimbBar.framework */; };
		C79EBFBD2282A63700B2E0CB /* ClimbBar.framework in Embed Frameworks */ = {isa = PBXBuildFile; fileRef = C79EBFB52282A63700B2E0CB /* ClimbBar.framework */; settings = {ATTRIBUTES = (CodeSignOnCopy, RemoveHeadersOnCopy, ); }; };
/* End PBXBuildFile section */

/* Begin PBXContainerItemProxy section */
		C79EBFBA2282A63700B2E0CB /* PBXContainerItemProxy */ = {
			isa = PBXContainerItemProxy;
			containerPortal = C79EBF932282A60100B2E0CB /* Project object */;
			proxyType = 1;
			remoteGlobalIDString = C79EBFB42282A63700B2E0CB;
			remoteInfo = ClimbBar;
		};
/* End PBXContainerItemProxy section */

/* Begin PBXCopyFilesBuildPhase section */
		C79EBFC12282A63700B2E0CB /* Embed Frameworks */ = {
			isa = PBXCopyFilesBuildPhase;
			buildActionMask = 2147483647;
			dstPath = "";
			dstSubfolderSpec = 10;
			files = (
				C79EBFBD2282A63700B2E0CB /* ClimbBar.framework in Embed Frameworks */,
			);
			name = "Embed Frameworks";
			runOnlyForDeploymentPostprocessing = 0;
		};
/* End PBXCopyFilesBuildPhase section */

/* Begin PBXFileReference section */
		90208F692584D6F900F01CA3 /* ViewController.swift */ = {isa = PBXFileReference; fileEncoding = 4; lastKnownFileType = sourcecode.swift; path = ViewController.swift; sourceTree = "<group>"; };
		90208F6B2584D6F900F01CA3 /* CollectionCell.swift */ = {isa = PBXFileReference; fileEncoding = 4; lastKnownFileType = sourcecode.swift; path = CollectionCell.swift; sourceTree = "<group>"; };
		90208F6C2584D6F900F01CA3 /* CollectionViewController.swift */ = {isa = PBXFileReference; fileEncoding = 4; lastKnownFileType = sourcecode.swift; path = CollectionViewController.swift; sourceTree = "<group>"; };
		90208F6E2584D6F900F01CA3 /* WebViewController.swift */ = {isa = PBXFileReference; fileEncoding = 4; lastKnownFileType = sourcecode.swift; path = WebViewController.swift; sourceTree = "<group>"; };
		90208F702584D6F900F01CA3 /* RootViewController.swift */ = {isa = PBXFileReference; fileEncoding = 4; lastKnownFileType = sourcecode.swift; path = RootViewController.swift; sourceTree = "<group>"; };
		90208F782584D70000F01CA3 /* Extension.swift */ = {isa = PBXFileReference; fileEncoding = 4; lastKnownFileType = sourcecode.swift; path = Extension.swift; sourceTree = "<group>"; };
		90208F7B2584D71000F01CA3 /* TableView.storyboard */ = {isa = PBXFileReference; lastKnownFileType = file.storyboard; path = TableView.storyboard; sourceTree = "<group>"; };
		90208F7E2584D71E00F01CA3 /* CollectionView.storyboard */ = {isa = PBXFileReference; lastKnownFileType = file.storyboard; path = CollectionView.storyboard; sourceTree = "<group>"; };
		90208F812584D72600F01CA3 /* WebView.storyboard */ = {isa = PBXFileReference; lastKnownFileType = file.storyboard; path = WebView.storyboard; sourceTree = "<group>"; };
		90208F842584D72E00F01CA3 /* Root.storyboard */ = {isa = PBXFileReference; lastKnownFileType = file.storyboard; path = Root.storyboard; sourceTree = "<group>"; };
		90208F882584D83800F01CA3 /* SceneDelegate.swift */ = {isa = PBXFileReference; lastKnownFileType = sourcecode.swift; path = SceneDelegate.swift; sourceTree = "<group>"; };
		9077744F25A0BFCE0034692A /* LongHeaderViewController.swift */ = {isa = PBXFileReference; fileEncoding = 4; lastKnownFileType = sourcecode.swift; path = LongHeaderViewController.swift; sourceTree = "<group>"; };
		9077745025A0BFCE0034692A /* LongHeader.storyboard */ = {isa = PBXFileReference; fileEncoding = 4; lastKnownFileType = file.storyboard; path = LongHeader.storyboard; sourceTree = "<group>"; };
		907E60C22A9774C9001F6A11 /* ClimbBarObservable.swift */ = {isa = PBXFileReference; fileEncoding = 4; lastKnownFileType = sourcecode.swift; path = ClimbBarObservable.swift; sourceTree = "<group>"; };
		907E60C32A9774C9001F6A11 /* ClimbBar.swift */ = {isa = PBXFileReference; fileEncoding = 4; lastKnownFileType = sourcecode.swift; path = ClimbBar.swift; sourceTree = "<group>"; };
		907E60C42A9774C9001F6A11 /* ClimbBar.State+.swift */ = {isa = PBXFileReference; fileEncoding = 4; lastKnownFileType = sourcecode.swift; path = "ClimbBar.State+.swift"; sourceTree = "<group>"; };
		907E60C52A9774C9001F6A11 /* ClimbBar.h */ = {isa = PBXFileReference; fileEncoding = 4; lastKnownFileType = sourcecode.c.h; path = ClimbBar.h; sourceTree = "<group>"; };
		907E60C62A9774C9001F6A11 /* ClimbState.swift */ = {isa = PBXFileReference; fileEncoding = 4; lastKnownFileType = sourcecode.swift; path = ClimbState.swift; sourceTree = "<group>"; };
		907E60C72A9774C9001F6A11 /* Info.plist */ = {isa = PBXFileReference; fileEncoding = 4; lastKnownFileType = text.plist.xml; path = Info.plist; sourceTree = "<group>"; };
		907E60C82A9774C9001F6A11 /* Configuration.swift */ = {isa = PBXFileReference; fileEncoding = 4; lastKnownFileType = sourcecode.swift; path = Configuration.swift; sourceTree = "<group>"; };
		C74EF9A22294ED0400706FDA /* WebKit.framework */ = {isa = PBXFileReference; lastKnownFileType = wrapper.framework; name = WebKit.framework; path = System/Library/Frameworks/WebKit.framework; sourceTree = SDKROOT; };
		C79EBF9B2282A60100B2E0CB /* ClimbBarExample.app */ = {isa = PBXFileReference; explicitFileType = wrapper.application; includeInIndex = 0; path = ClimbBarExample.app; sourceTree = BUILT_PRODUCTS_DIR; };
		C79EBF9E2282A60100B2E0CB /* AppDelegate.swift */ = {isa = PBXFileReference; lastKnownFileType = sourcecode.swift; path = AppDelegate.swift; sourceTree = "<group>"; };
		C79EBFA52282A60200B2E0CB /* Assets.xcassets */ = {isa = PBXFileReference; lastKnownFileType = folder.assetcatalog; path = Assets.xcassets; sourceTree = "<group>"; };
		C79EBFA82282A60200B2E0CB /* Base */ = {isa = PBXFileReference; lastKnownFileType = file.storyboard; name = Base; path = Base.lproj/LaunchScreen.storyboard; sourceTree = "<group>"; };
		C79EBFAA2282A60200B2E0CB /* Info.plist */ = {isa = PBXFileReference; lastKnownFileType = text.plist.xml; path = Info.plist; sourceTree = "<group>"; };
		C79EBFB52282A63700B2E0CB /* ClimbBar.framework */ = {isa = PBXFileReference; explicitFileType = wrapper.framework; includeInIndex = 0; path = ClimbBar.framework; sourceTree = BUILT_PRODUCTS_DIR; };
/* End PBXFileReference section */

/* Begin PBXFrameworksBuildPhase section */
		C79EBF982282A60100B2E0CB /* Frameworks */ = {
			isa = PBXFrameworksBuildPhase;
			buildActionMask = 2147483647;
			files = (
				C74EF9A32294ED0400706FDA /* WebKit.framework in Frameworks */,
				C79EBFBC2282A63700B2E0CB /* ClimbBar.framework in Frameworks */,
			);
			runOnlyForDeploymentPostprocessing = 0;
		};
		C79EBFB22282A63700B2E0CB /* Frameworks */ = {
			isa = PBXFrameworksBuildPhase;
			buildActionMask = 2147483647;
			files = (
			);
			runOnlyForDeploymentPostprocessing = 0;
		};
/* End PBXFrameworksBuildPhase section */

/* Begin PBXGroup section */
		90208F672584D6F900F01CA3 /* ViewConntroller */ = {
			isa = PBXGroup;
			children = (
				9077744E25A0BFCE0034692A /* LongHeader */,
				90208F682584D6F900F01CA3 /* TableView */,
				90208F6A2584D6F900F01CA3 /* CollectionView */,
				90208F6D2584D6F900F01CA3 /* WebView */,
				90208F6F2584D6F900F01CA3 /* Root */,
			);
			path = ViewConntroller;
			sourceTree = "<group>";
		};
		90208F682584D6F900F01CA3 /* TableView */ = {
			isa = PBXGroup;
			children = (
				90208F692584D6F900F01CA3 /* ViewController.swift */,
				90208F7B2584D71000F01CA3 /* TableView.storyboard */,
			);
			path = TableView;
			sourceTree = "<group>";
		};
		90208F6A2584D6F900F01CA3 /* CollectionView */ = {
			isa = PBXGroup;
			children = (
				90208F6B2584D6F900F01CA3 /* CollectionCell.swift */,
				90208F6C2584D6F900F01CA3 /* CollectionViewController.swift */,
				90208F7E2584D71E00F01CA3 /* CollectionView.storyboard */,
			);
			path = CollectionView;
			sourceTree = "<group>";
		};
		90208F6D2584D6F900F01CA3 /* WebView */ = {
			isa = PBXGroup;
			children = (
				90208F6E2584D6F900F01CA3 /* WebViewController.swift */,
				90208F812584D72600F01CA3 /* WebView.storyboard */,
			);
			path = WebView;
			sourceTree = "<group>";
		};
		90208F6F2584D6F900F01CA3 /* Root */ = {
			isa = PBXGroup;
			children = (
				90208F702584D6F900F01CA3 /* RootViewController.swift */,
				90208F842584D72E00F01CA3 /* Root.storyboard */,
			);
			path = Root;
			sourceTree = "<group>";
		};
		90208F772584D70000F01CA3 /* Extension */ = {
			isa = PBXGroup;
			children = (
				90208F782584D70000F01CA3 /* Extension.swift */,
			);
			path = Extension;
			sourceTree = "<group>";
		};
		9077744E25A0BFCE0034692A /* LongHeader */ = {
			isa = PBXGroup;
			children = (
				9077744F25A0BFCE0034692A /* LongHeaderViewController.swift */,
				9077745025A0BFCE0034692A /* LongHeader.storyboard */,
			);
			path = LongHeader;
			sourceTree = "<group>";
		};
		907E60C02A9774C9001F6A11 /* Sources */ = {
			isa = PBXGroup;
			children = (
				907E60C12A9774C9001F6A11 /* ClimbBar */,
			);
			path = Sources;
			sourceTree = "<group>";
		};
		907E60C12A9774C9001F6A11 /* ClimbBar */ = {
			isa = PBXGroup;
			children = (
				907E60C22A9774C9001F6A11 /* ClimbBarObservable.swift */,
				907E60C32A9774C9001F6A11 /* ClimbBar.swift */,
				907E60C42A9774C9001F6A11 /* ClimbBar.State+.swift */,
				907E60C52A9774C9001F6A11 /* ClimbBar.h */,
				907E60C62A9774C9001F6A11 /* ClimbState.swift */,
				907E60C72A9774C9001F6A11 /* Info.plist */,
				907E60C82A9774C9001F6A11 /* Configuration.swift */,
			);
			path = ClimbBar;
			sourceTree = "<group>";
		};
		C74EF9A12294ED0300706FDA /* Frameworks */ = {
			isa = PBXGroup;
			children = (
				C74EF9A22294ED0400706FDA /* WebKit.framework */,
			);
			name = Frameworks;
			sourceTree = "<group>";
		};
		C79EBF922282A60100B2E0CB = {
			isa = PBXGroup;
			children = (
				907E60C02A9774C9001F6A11 /* Sources */,
				C79EBF9D2282A60100B2E0CB /* ClimbBarExample */,
				C79EBF9C2282A60100B2E0CB /* Products */,
				C74EF9A12294ED0300706FDA /* Frameworks */,
			);
			sourceTree = "<group>";
		};
		C79EBF9C2282A60100B2E0CB /* Products */ = {
			isa = PBXGroup;
			children = (
				C79EBFB52282A63700B2E0CB /* ClimbBar.framework */,
				C79EBF9B2282A60100B2E0CB /* ClimbBarExample.app */,
			);
			name = Products;
			sourceTree = "<group>";
		};
		C79EBF9D2282A60100B2E0CB /* ClimbBarExample */ = {
			isa = PBXGroup;
			children = (
				90208F772584D70000F01CA3 /* Extension */,
				90208F672584D6F900F01CA3 /* ViewConntroller */,
				C79EBF9E2282A60100B2E0CB /* AppDelegate.swift */,
				90208F882584D83800F01CA3 /* SceneDelegate.swift */,
				C79EBFA52282A60200B2E0CB /* Assets.xcassets */,
				C79EBFAA2282A60200B2E0CB /* Info.plist */,
				C79EBFA72282A60200B2E0CB /* LaunchScreen.storyboard */,
			);
			path = ClimbBarExample;
			sourceTree = "<group>";
		};
/* End PBXGroup section */

/* Begin PBXHeadersBuildPhase section */
		C79EBFB02282A63700B2E0CB /* Headers */ = {
			isa = PBXHeadersBuildPhase;
			buildActionMask = 2147483647;
			files = (
				907E60CC2A9774C9001F6A11 /* ClimbBar.h in Headers */,
			);
			runOnlyForDeploymentPostprocessing = 0;
		};
/* End PBXHeadersBuildPhase section */

/* Begin PBXNativeTarget section */
		C79EBF9A2282A60100B2E0CB /* ClimbBarExample */ = {
			isa = PBXNativeTarget;
			buildConfigurationList = C79EBFAD2282A60200B2E0CB /* Build configuration list for PBXNativeTarget "ClimbBarExample" */;
			buildPhases = (
				C79EBF972282A60100B2E0CB /* Sources */,
				C79EBF982282A60100B2E0CB /* Frameworks */,
				C79EBF992282A60100B2E0CB /* Resources */,
				C79EBFC12282A63700B2E0CB /* Embed Frameworks */,
			);
			buildRules = (
			);
			dependencies = (
				C79EBFBB2282A63700B2E0CB /* PBXTargetDependency */,
			);
			name = ClimbBarExample;
			productName = ClimbBarExample;
			productReference = C79EBF9B2282A60100B2E0CB /* ClimbBarExample.app */;
			productType = "com.apple.product-type.application";
		};
		C79EBFB42282A63700B2E0CB /* ClimbBar */ = {
			isa = PBXNativeTarget;
			buildConfigurationList = C79EBFBE2282A63700B2E0CB /* Build configuration list for PBXNativeTarget "ClimbBar" */;
			buildPhases = (
				C79EBFB02282A63700B2E0CB /* Headers */,
				C79EBFB12282A63700B2E0CB /* Sources */,
				C79EBFB22282A63700B2E0CB /* Frameworks */,
				C79EBFB32282A63700B2E0CB /* Resources */,
			);
			buildRules = (
			);
			dependencies = (
			);
			name = ClimbBar;
			productName = ClimbBar;
			productReference = C79EBFB52282A63700B2E0CB /* ClimbBar.framework */;
			productType = "com.apple.product-type.framework";
		};
/* End PBXNativeTarget section */

/* Begin PBXProject section */
		C79EBF932282A60100B2E0CB /* Project object */ = {
			isa = PBXProject;
			attributes = {
				BuildIndependentTargetsInParallel = YES;
				LastSwiftUpdateCheck = 1020;
				LastUpgradeCheck = 1430;
				ORGANIZATIONNAME = Shichimitoucarashi;
				TargetAttributes = {
					C79EBF9A2282A60100B2E0CB = {
						CreatedOnToolsVersion = 10.2.1;
					};
					C79EBFB42282A63700B2E0CB = {
						CreatedOnToolsVersion = 10.2.1;
						LastSwiftMigration = 1020;
					};
				};
			};
			buildConfigurationList = C79EBF962282A60100B2E0CB /* Build configuration list for PBXProject "ClimbBarExample" */;
			compatibilityVersion = "Xcode 9.3";
			developmentRegion = en;
			hasScannedForEncodings = 0;
			knownRegions = (
				en,
				Base,
			);
			mainGroup = C79EBF922282A60100B2E0CB;
			productRefGroup = C79EBF9C2282A60100B2E0CB /* Products */;
			projectDirPath = "";
			projectRoot = "";
			targets = (
				C79EBF9A2282A60100B2E0CB /* ClimbBarExample */,
				C79EBFB42282A63700B2E0CB /* ClimbBar */,
			);
		};
/* End PBXProject section */

/* Begin PBXResourcesBuildPhase section */
		C79EBF992282A60100B2E0CB /* Resources */ = {
			isa = PBXResourcesBuildPhase;
			buildActionMask = 2147483647;
			files = (
				C79EBFA92282A60200B2E0CB /* LaunchScreen.storyboard in Resources */,
				C79EBFA62282A60200B2E0CB /* Assets.xcassets in Resources */,
				90208F7F2584D71E00F01CA3 /* CollectionView.storyboard in Resources */,
				90208F7C2584D71000F01CA3 /* TableView.storyboard in Resources */,
				90208F852584D72E00F01CA3 /* Root.storyboard in Resources */,
				90208F822584D72600F01CA3 /* WebView.storyboard in Resources */,
				9077745225A0BFCE0034692A /* LongHeader.storyboard in Resources */,
			);
			runOnlyForDeploymentPostprocessing = 0;
		};
		C79EBFB32282A63700B2E0CB /* Resources */ = {
			isa = PBXResourcesBuildPhase;
			buildActionMask = 2147483647;
			files = (
			);
			runOnlyForDeploymentPostprocessing = 0;
		};
/* End PBXResourcesBuildPhase section */

/* Begin PBXSourcesBuildPhase section */
		C79EBF972282A60100B2E0CB /* Sources */ = {
			isa = PBXSourcesBuildPhase;
			buildActionMask = 2147483647;
			files = (
				9077745125A0BFCE0034692A /* LongHeaderViewController.swift in Sources */,
				90208F732584D6F900F01CA3 /* CollectionViewController.swift in Sources */,
				90208F712584D6F900F01CA3 /* ViewController.swift in Sources */,
				90208F792584D70000F01CA3 /* Extension.swift in Sources */,
				90208F752584D6F900F01CA3 /* RootViewController.swift in Sources */,
				C79EBF9F2282A60100B2E0CB /* AppDelegate.swift in Sources */,
				90208F892584D83800F01CA3 /* SceneDelegate.swift in Sources */,
				90208F742584D6F900F01CA3 /* WebViewController.swift in Sources */,
				90208F722584D6F900F01CA3 /* CollectionCell.swift in Sources */,
			);
			runOnlyForDeploymentPostprocessing = 0;
		};
		C79EBFB12282A63700B2E0CB /* Sources */ = {
			isa = PBXSourcesBuildPhase;
			buildActionMask = 2147483647;
			files = (
				907E60CB2A9774C9001F6A11 /* ClimbBar.State+.swift in Sources */,
				907E60CF2A9774C9001F6A11 /* Configuration.swift in Sources */,
				907E60C92A9774C9001F6A11 /* ClimbBarObservable.swift in Sources */,
				907E60CA2A9774C9001F6A11 /* ClimbBar.swift in Sources */,
				907E60CD2A9774C9001F6A11 /* ClimbState.swift in Sources */,
			);
			runOnlyForDeploymentPostprocessing = 0;
		};
/* End PBXSourcesBuildPhase section */

/* Begin PBXTargetDependency section */
		C79EBFBB2282A63700B2E0CB /* PBXTargetDependency */ = {
			isa = PBXTargetDependency;
			target = C79EBFB42282A63700B2E0CB /* ClimbBar */;
			targetProxy = C79EBFBA2282A63700B2E0CB /* PBXContainerItemProxy */;
		};
/* End PBXTargetDependency section */

/* Begin PBXVariantGroup section */
		C79EBFA72282A60200B2E0CB /* LaunchScreen.storyboard */ = {
			isa = PBXVariantGroup;
			children = (
				C79EBFA82282A60200B2E0CB /* Base */,
			);
			name = LaunchScreen.storyboard;
			sourceTree = "<group>";
		};
/* End PBXVariantGroup section */

/* Begin XCBuildConfiguration section */
		C79EBFAB2282A60200B2E0CB /* Debug */ = {
			isa = XCBuildConfiguration;
			buildSettings = {
				ALWAYS_SEARCH_USER_PATHS = NO;
				CLANG_ANALYZER_NONNULL = YES;
				CLANG_ANALYZER_NUMBER_OBJECT_CONVERSION = YES_AGGRESSIVE;
				CLANG_CXX_LANGUAGE_STANDARD = "gnu++14";
				CLANG_CXX_LIBRARY = "libc++";
				CLANG_ENABLE_MODULES = YES;
				CLANG_ENABLE_OBJC_ARC = YES;
				CLANG_ENABLE_OBJC_WEAK = YES;
				CLANG_WARN_BLOCK_CAPTURE_AUTORELEASING = YES;
				CLANG_WARN_BOOL_CONVERSION = YES;
				CLANG_WARN_COMMA = YES;
				CLANG_WARN_CONSTANT_CONVERSION = YES;
				CLANG_WARN_DEPRECATED_OBJC_IMPLEMENTATIONS = YES;
				CLANG_WARN_DIRECT_OBJC_ISA_USAGE = YES_ERROR;
				CLANG_WARN_DOCUMENTATION_COMMENTS = YES;
				CLANG_WARN_EMPTY_BODY = YES;
				CLANG_WARN_ENUM_CONVERSION = YES;
				CLANG_WARN_INFINITE_RECURSION = YES;
				CLANG_WARN_INT_CONVERSION = YES;
				CLANG_WARN_NON_LITERAL_NULL_CONVERSION = YES;
				CLANG_WARN_OBJC_IMPLICIT_RETAIN_SELF = YES;
				CLANG_WARN_OBJC_LITERAL_CONVERSION = YES;
				CLANG_WARN_OBJC_ROOT_CLASS = YES_ERROR;
				CLANG_WARN_QUOTED_INCLUDE_IN_FRAMEWORK_HEADER = YES;
				CLANG_WARN_RANGE_LOOP_ANALYSIS = YES;
				CLANG_WARN_STRICT_PROTOTYPES = YES;
				CLANG_WARN_SUSPICIOUS_MOVE = YES;
				CLANG_WARN_UNGUARDED_AVAILABILITY = YES_AGGRESSIVE;
				CLANG_WARN_UNREACHABLE_CODE = YES;
				CLANG_WARN__DUPLICATE_METHOD_MATCH = YES;
				CODE_SIGN_IDENTITY = "iPhone Developer";
				COPY_PHASE_STRIP = NO;
				DEBUG_INFORMATION_FORMAT = dwarf;
				ENABLE_STRICT_OBJC_MSGSEND = YES;
				ENABLE_TESTABILITY = YES;
				GCC_C_LANGUAGE_STANDARD = gnu11;
				GCC_DYNAMIC_NO_PIC = NO;
				GCC_NO_COMMON_BLOCKS = YES;
				GCC_OPTIMIZATION_LEVEL = 0;
				GCC_PREPROCESSOR_DEFINITIONS = (
					"DEBUG=1",
					"$(inherited)",
				);
				GCC_WARN_64_TO_32_BIT_CONVERSION = YES;
				GCC_WARN_ABOUT_RETURN_TYPE = YES_ERROR;
				GCC_WARN_UNDECLARED_SELECTOR = YES;
				GCC_WARN_UNINITIALIZED_AUTOS = YES_AGGRESSIVE;
				GCC_WARN_UNUSED_FUNCTION = YES;
				GCC_WARN_UNUSED_VARIABLE = YES;
				INFOPLIST_FILE = ClimbBarExample/Info.plist;
				IPHONEOS_DEPLOYMENT_TARGET = 13.0;
				MTL_ENABLE_DEBUG_INFO = INCLUDE_SOURCE;
				MTL_FAST_MATH = YES;
				ONLY_ACTIVE_ARCH = YES;
				SDKROOT = iphoneos;
				SWIFT_ACTIVE_COMPILATION_CONDITIONS = DEBUG;
				SWIFT_OPTIMIZATION_LEVEL = "-Onone";
			};
			name = Debug;
		};
		C79EBFAC2282A60200B2E0CB /* Release */ = {
			isa = XCBuildConfiguration;
			buildSettings = {
				ALWAYS_SEARCH_USER_PATHS = NO;
				CLANG_ANALYZER_NONNULL = YES;
				CLANG_ANALYZER_NUMBER_OBJECT_CONVERSION = YES_AGGRESSIVE;
				CLANG_CXX_LANGUAGE_STANDARD = "gnu++14";
				CLANG_CXX_LIBRARY = "libc++";
				CLANG_ENABLE_MODULES = YES;
				CLANG_ENABLE_OBJC_ARC = YES;
				CLANG_ENABLE_OBJC_WEAK = YES;
				CLANG_WARN_BLOCK_CAPTURE_AUTORELEASING = YES;
				CLANG_WARN_BOOL_CONVERSION = YES;
				CLANG_WARN_COMMA = YES;
				CLANG_WARN_CONSTANT_CONVERSION = YES;
				CLANG_WARN_DEPRECATED_OBJC_IMPLEMENTATIONS = YES;
				CLANG_WARN_DIRECT_OBJC_ISA_USAGE = YES_ERROR;
				CLANG_WARN_DOCUMENTATION_COMMENTS = YES;
				CLANG_WARN_EMPTY_BODY = YES;
				CLANG_WARN_ENUM_CONVERSION = YES;
				CLANG_WARN_INFINITE_RECURSION = YES;
				CLANG_WARN_INT_CONVERSION = YES;
				CLANG_WARN_NON_LITERAL_NULL_CONVERSION = YES;
				CLANG_WARN_OBJC_IMPLICIT_RETAIN_SELF = YES;
				CLANG_WARN_OBJC_LITERAL_CONVERSION = YES;
				CLANG_WARN_OBJC_ROOT_CLASS = YES_ERROR;
				CLANG_WARN_QUOTED_INCLUDE_IN_FRAMEWORK_HEADER = YES;
				CLANG_WARN_RANGE_LOOP_ANALYSIS = YES;
				CLANG_WARN_STRICT_PROTOTYPES = YES;
				CLANG_WARN_SUSPICIOUS_MOVE = YES;
				CLANG_WARN_UNGUARDED_AVAILABILITY = YES_AGGRESSIVE;
				CLANG_WARN_UNREACHABLE_CODE = YES;
				CLANG_WARN__DUPLICATE_METHOD_MATCH = YES;
				CODE_SIGN_IDENTITY = "iPhone Developer";
				COPY_PHASE_STRIP = NO;
				DEBUG_INFORMATION_FORMAT = "dwarf-with-dsym";
				ENABLE_NS_ASSERTIONS = NO;
				ENABLE_STRICT_OBJC_MSGSEND = YES;
				GCC_C_LANGUAGE_STANDARD = gnu11;
				GCC_NO_COMMON_BLOCKS = YES;
				GCC_WARN_64_TO_32_BIT_CONVERSION = YES;
				GCC_WARN_ABOUT_RETURN_TYPE = YES_ERROR;
				GCC_WARN_UNDECLARED_SELECTOR = YES;
				GCC_WARN_UNINITIALIZED_AUTOS = YES_AGGRESSIVE;
				GCC_WARN_UNUSED_FUNCTION = YES;
				GCC_WARN_UNUSED_VARIABLE = YES;
				INFOPLIST_FILE = ClimbBarExample/Info.plist;
				IPHONEOS_DEPLOYMENT_TARGET = 13.0;
				MTL_ENABLE_DEBUG_INFO = NO;
				MTL_FAST_MATH = YES;
				SDKROOT = iphoneos;
				SWIFT_COMPILATION_MODE = wholemodule;
				SWIFT_OPTIMIZATION_LEVEL = "-O";
				VALIDATE_PRODUCT = YES;
			};
			name = Release;
		};
		C79EBFAE2282A60200B2E0CB /* Debug */ = {
			isa = XCBuildConfiguration;
			buildSettings = {
				ALWAYS_EMBED_SWIFT_STANDARD_LIBRARIES = YES;
				ASSETCATALOG_COMPILER_APPICON_NAME = AppIcon;
				CODE_SIGN_STYLE = Automatic;
				DEVELOPMENT_TEAM = D3DW67HS9F;
				"EXCLUDED_ARCHS[sdk=iphonesimulator*]" = arm64;
				INFOPLIST_FILE = ClimbBarExample/Info.plist;
				IPHONEOS_DEPLOYMENT_TARGET = 13.0;
				LD_RUNPATH_SEARCH_PATHS = (
					"$(inherited)",
					"@executable_path/Frameworks",
				);
				MARKETING_VERSION = 1.1.0;
				PRODUCT_BUNDLE_IDENTIFIER = com.shichimitoucarashi.ClimbBarExample;
				PRODUCT_NAME = "$(TARGET_NAME)";
				SWIFT_VERSION = 5.0;
				TARGETED_DEVICE_FAMILY = "1,2";
			};
			name = Debug;
		};
		C79EBFAF2282A60200B2E0CB /* Release */ = {
			isa = XCBuildConfiguration;
			buildSettings = {
				ALWAYS_EMBED_SWIFT_STANDARD_LIBRARIES = YES;
				ASSETCATALOG_COMPILER_APPICON_NAME = AppIcon;
				CODE_SIGN_STYLE = Automatic;
				DEVELOPMENT_TEAM = D3DW67HS9F;
				"EXCLUDED_ARCHS[sdk=iphonesimulator*]" = arm64;
				INFOPLIST_FILE = ClimbBarExample/Info.plist;
				IPHONEOS_DEPLOYMENT_TARGET = 13.0;
				LD_RUNPATH_SEARCH_PATHS = (
					"$(inherited)",
					"@executable_path/Frameworks",
				);
				MARKETING_VERSION = 1.1.0;
				PRODUCT_BUNDLE_IDENTIFIER = com.shichimitoucarashi.ClimbBarExample;
				PRODUCT_NAME = "$(TARGET_NAME)";
				SWIFT_VERSION = 5.0;
				TARGETED_DEVICE_FAMILY = "1,2";
			};
			name = Release;
		};
		C79EBFBF2282A63700B2E0CB /* Debug */ = {
			isa = XCBuildConfiguration;
			buildSettings = {
				CLANG_ENABLE_MODULES = YES;
				CODE_SIGN_IDENTITY = "";
				CODE_SIGN_STYLE = Automatic;
				CURRENT_PROJECT_VERSION = 1;
				DEFINES_MODULE = YES;
				DEVELOPMENT_TEAM = D3DW67HS9F;
				DYLIB_COMPATIBILITY_VERSION = 1;
				DYLIB_CURRENT_VERSION = 1;
				DYLIB_INSTALL_NAME_BASE = "@rpath";
				ENABLE_MODULE_VERIFIER = YES;
				EXCLUDED_ARCHS = "";
				"EXCLUDED_ARCHS[sdk=iphonesimulator*]" = arm64;
				INFOPLIST_FILE = Sources/ClimbBar/Info.plist;
				INSTALL_PATH = "$(LOCAL_LIBRARY_DIR)/Frameworks";
				IPHONEOS_DEPLOYMENT_TARGET = 12.0;
				LD_RUNPATH_SEARCH_PATHS = (
					"$(inherited)",
					"@executable_path/Frameworks",
					"@loader_path/Frameworks",
				);
				MARKETING_VERSION = 1.7.1;
				MODULE_VERIFIER_SUPPORTED_LANGUAGES = "objective-c objective-c++";
				MODULE_VERIFIER_SUPPORTED_LANGUAGE_STANDARDS = "gnu11 gnu++14";
				ONLY_ACTIVE_ARCH = NO;
				PRODUCT_BUNDLE_IDENTIFIER = com.shichimitoucarashi.climbbar.ClimbBar;
				PRODUCT_NAME = "$(TARGET_NAME:c99extidentifier)";
				SKIP_INSTALL = YES;
				SWIFT_OPTIMIZATION_LEVEL = "-Onone";
				SWIFT_VERSION = 5.0;
				TARGETED_DEVICE_FAMILY = "1,2";
				VERSIONING_SYSTEM = "apple-generic";
				VERSION_INFO_PREFIX = "";
			};
			name = Debug;
		};
		C79EBFC02282A63700B2E0CB /* Release */ = {
			isa = XCBuildConfiguration;
			buildSettings = {
				CLANG_ENABLE_MODULES = YES;
				CODE_SIGN_IDENTITY = "";
				CODE_SIGN_STYLE = Automatic;
				CURRENT_PROJECT_VERSION = 1;
				DEFINES_MODULE = YES;
				DEVELOPMENT_TEAM = D3DW67HS9F;
				DYLIB_COMPATIBILITY_VERSION = 1;
				DYLIB_CURRENT_VERSION = 1;
				DYLIB_INSTALL_NAME_BASE = "@rpath";
				ENABLE_MODULE_VERIFIER = YES;
				EXCLUDED_ARCHS = "";
				"EXCLUDED_ARCHS[sdk=iphonesimulator*]" = arm64;
				INFOPLIST_FILE = Sources/ClimbBar/Info.plist;
				INSTALL_PATH = "$(LOCAL_LIBRARY_DIR)/Frameworks";
				IPHONEOS_DEPLOYMENT_TARGET = 12.0;
				LD_RUNPATH_SEARCH_PATHS = (
					"$(inherited)",
					"@executable_path/Frameworks",
					"@loader_path/Frameworks",
				);
				MARKETING_VERSION = 1.7.1;
				MODULE_VERIFIER_SUPPORTED_LANGUAGES = "objective-c objective-c++";
				MODULE_VERIFIER_SUPPORTED_LANGUAGE_STANDARDS = "gnu11 gnu++14";
				PRODUCT_BUNDLE_IDENTIFIER = com.shichimitoucarashi.climbbar.ClimbBar;
				PRODUCT_NAME = "$(TARGET_NAME:c99extidentifier)";
				SKIP_INSTALL = YES;
				SWIFT_VERSION = 5.0;
				TARGETED_DEVICE_FAMILY = "1,2";
				VERSIONING_SYSTEM = "apple-generic";
				VERSION_INFO_PREFIX = "";
			};
			name = Release;
		};
/* End XCBuildConfiguration section */

/* Begin XCConfigurationList section */
		C79EBF962282A60100B2E0CB /* Build configuration list for PBXProject "ClimbBarExample" */ = {
			isa = XCConfigurationList;
			buildConfigurations = (
				C79EBFAB2282A60200B2E0CB /* Debug */,
				C79EBFAC2282A60200B2E0CB /* Release */,
			);
			defaultConfigurationIsVisible = 0;
			defaultConfigurationName = Release;
		};
		C79EBFAD2282A60200B2E0CB /* Build configuration list for PBXNativeTarget "ClimbBarExample" */ = {
			isa = XCConfigurationList;
			buildConfigurations = (
				C79EBFAE2282A60200B2E0CB /* Debug */,
				C79EBFAF2282A60200B2E0CB /* Release */,
			);
			defaultConfigurationIsVisible = 0;
			defaultConfigurationName = Release;
		};
		C79EBFBE2282A63700B2E0CB /* Build configuration list for PBXNativeTarget "ClimbBar" */ = {
			isa = XCConfigurationList;
			buildConfigurations = (
				C79EBFBF2282A63700B2E0CB /* Debug */,
				C79EBFC02282A63700B2E0CB /* Release */,
			);
			defaultConfigurationIsVisible = 0;
			defaultConfigurationName = Release;
		};
/* End XCConfigurationList section */
	};
	rootObject = C79EBF932282A60100B2E0CB /* Project object */;
}
